// !$*UTF8*$!
{
	archiveVersion = 1;
	classes = {
	};
	objectVersion = 56;
	objects = {

/* Begin PBXBuildFile section */
		AA376B572C3412FD00C371E6 /* AppDelegate.swift in Sources */ = {isa = PBXBuildFile; fileRef = AA376B562C3412FD00C371E6 /* AppDelegate.swift */; };
		AA376B592C3412FD00C371E6 /* SceneDelegate.swift in Sources */ = {isa = PBXBuildFile; fileRef = AA376B582C3412FD00C371E6 /* SceneDelegate.swift */; };
		AA376B5B2C3412FD00C371E6 /* ViewController.swift in Sources */ = {isa = PBXBuildFile; fileRef = AA376B5A2C3412FD00C371E6 /* ViewController.swift */; };
		AA376B5E2C3412FD00C371E6 /* Base in Resources */ = {isa = PBXBuildFile; fileRef = AA376B5D2C3412FD00C371E6 /* Base */; };
		AA376B602C3412FF00C371E6 /* Assets.xcassets in Resources */ = {isa = PBXBuildFile; fileRef = AA376B5F2C3412FF00C371E6 /* Assets.xcassets */; };
		AA376B632C3412FF00C371E6 /* Base in Resources */ = {isa = PBXBuildFile; fileRef = AA376B622C3412FF00C371E6 /* Base */; };
		AA376B6D2C34142700C371E6 /* RegisterViewController.swift in Sources */ = {isa = PBXBuildFile; fileRef = AA376B6C2C34142700C371E6 /* RegisterViewController.swift */; };
		AA376B6F2C34145700C371E6 /* MainHomeViewController.swift in Sources */ = {isa = PBXBuildFile; fileRef = AA376B6E2C34145700C371E6 /* MainHomeViewController.swift */; };
		AA376B712C34148600C371E6 /* ToDoListViewController.swift in Sources */ = {isa = PBXBuildFile; fileRef = AA376B702C34148600C371E6 /* ToDoListViewController.swift */; };
		AA376B742C34168B00C371E6 /* SnapKit in Frameworks */ = {isa = PBXBuildFile; productRef = AA376B732C34168B00C371E6 /* SnapKit */; };
		AA376B772C3416BF00C371E6 /* RealmSwift in Frameworks */ = {isa = PBXBuildFile; productRef = AA376B762C3416BF00C371E6 /* RealmSwift */; };
		AA376B782C3416CB00C371E6 /* RealmSwift in Embed Frameworks */ = {isa = PBXBuildFile; productRef = AA376B762C3416BF00C371E6 /* RealmSwift */; settings = {ATTRIBUTES = (CodeSignOnCopy, ); }; };
		AA376B7B2C341B4600C371E6 /* BaseViewController.swift in Sources */ = {isa = PBXBuildFile; fileRef = AA376B7A2C341B4600C371E6 /* BaseViewController.swift */; };
		AA376B7F2C342C1900C371E6 /* TodoListTableViewCell.swift in Sources */ = {isa = PBXBuildFile; fileRef = AA376B7E2C342C1900C371E6 /* TodoListTableViewCell.swift */; };
		AA376B812C3437E900C371E6 /* TaskManager.swift in Sources */ = {isa = PBXBuildFile; fileRef = AA376B802C3437E900C371E6 /* TaskManager.swift */; };
		AA376B8B2C3567B700C371E6 /* DeadlineViewController.swift in Sources */ = {isa = PBXBuildFile; fileRef = AA376B8A2C3567B700C371E6 /* DeadlineViewController.swift */; };
		AA376B8D2C3567CF00C371E6 /* TagViewController.swift in Sources */ = {isa = PBXBuildFile; fileRef = AA376B8C2C3567CF00C371E6 /* TagViewController.swift */; };
		AA376B8F2C3567E600C371E6 /* PriorityViewController.swift in Sources */ = {isa = PBXBuildFile; fileRef = AA376B8E2C3567E600C371E6 /* PriorityViewController.swift */; };
		AA376B912C3567FE00C371E6 /* ImageAddViewController.swift in Sources */ = {isa = PBXBuildFile; fileRef = AA376B902C3567FE00C371E6 /* ImageAddViewController.swift */; };
		AA376B942C35865C00C371E6 /* MainListCell.swift in Sources */ = {isa = PBXBuildFile; fileRef = AA376B932C35865C00C371E6 /* MainListCell.swift */; };
		AA376B9D2C37B7F400C371E6 /* Toast in Frameworks */ = {isa = PBXBuildFile; productRef = AA376B9C2C37B7F400C371E6 /* Toast */; };
		AA376BA22C38E59B00C371E6 /* DetailTodoViewController.swift in Sources */ = {isa = PBXBuildFile; fileRef = AA376BA12C38E59B00C371E6 /* DetailTodoViewController.swift */; };
		AA376BA42C39542400C371E6 /* FileManager.swift in Sources */ = {isa = PBXBuildFile; fileRef = AA376BA32C39542400C371E6 /* FileManager.swift */; };
		AA376BA62C399BCF00C371E6 /* RepositoryPattern.swift in Sources */ = {isa = PBXBuildFile; fileRef = AA376BA52C399BCF00C371E6 /* RepositoryPattern.swift */; };
		AA6BD31B2C3D637900107AF6 /* Observable.swift in Sources */ = {isa = PBXBuildFile; fileRef = AA6BD31A2C3D637900107AF6 /* Observable.swift */; };
		AA6BD31D2C3D669300107AF6 /* ToDoListViewModel.swift in Sources */ = {isa = PBXBuildFile; fileRef = AA6BD31C2C3D669300107AF6 /* ToDoListViewModel.swift */; };
		AA6BD3362C3ECC2300107AF6 /* RegisterView+EXT.swift in Sources */ = {isa = PBXBuildFile; fileRef = AA6BD3352C3ECC2300107AF6 /* RegisterView+EXT.swift */; };
		AAB94B272C3BEC10005E56D2 /* Protocol+.swift in Sources */ = {isa = PBXBuildFile; fileRef = AAB94B262C3BEC10005E56D2 /* Protocol+.swift */; };
/* End PBXBuildFile section */

/* Begin PBXCopyFilesBuildPhase section */
		AA376B792C3416CB00C371E6 /* Embed Frameworks */ = {
			isa = PBXCopyFilesBuildPhase;
			buildActionMask = 2147483647;
			dstPath = "";
			dstSubfolderSpec = 10;
			files = (
				AA376B782C3416CB00C371E6 /* RealmSwift in Embed Frameworks */,
			);
			name = "Embed Frameworks";
			runOnlyForDeploymentPostprocessing = 0;
		};
/* End PBXCopyFilesBuildPhase section */

/* Begin PBXFileReference section */
		AA376B532C3412FD00C371E6 /* Let'sToDo.app */ = {isa = PBXFileReference; explicitFileType = wrapper.application; includeInIndex = 0; path = "Let'sToDo.app"; sourceTree = BUILT_PRODUCTS_DIR; };
		AA376B562C3412FD00C371E6 /* AppDelegate.swift */ = {isa = PBXFileReference; lastKnownFileType = sourcecode.swift; path = AppDelegate.swift; sourceTree = "<group>"; };
		AA376B582C3412FD00C371E6 /* SceneDelegate.swift */ = {isa = PBXFileReference; lastKnownFileType = sourcecode.swift; path = SceneDelegate.swift; sourceTree = "<group>"; };
		AA376B5A2C3412FD00C371E6 /* ViewController.swift */ = {isa = PBXFileReference; lastKnownFileType = sourcecode.swift; path = ViewController.swift; sourceTree = "<group>"; };
		AA376B5D2C3412FD00C371E6 /* Base */ = {isa = PBXFileReference; lastKnownFileType = file.storyboard; name = Base; path = Base.lproj/Main.storyboard; sourceTree = "<group>"; };
		AA376B5F2C3412FF00C371E6 /* Assets.xcassets */ = {isa = PBXFileReference; lastKnownFileType = folder.assetcatalog; path = Assets.xcassets; sourceTree = "<group>"; };
		AA376B622C3412FF00C371E6 /* Base */ = {isa = PBXFileReference; lastKnownFileType = file.storyboard; name = Base; path = Base.lproj/LaunchScreen.storyboard; sourceTree = "<group>"; };
		AA376B642C3412FF00C371E6 /* Info.plist */ = {isa = PBXFileReference; lastKnownFileType = text.plist.xml; path = Info.plist; sourceTree = "<group>"; };
		AA376B6C2C34142700C371E6 /* RegisterViewController.swift */ = {isa = PBXFileReference; lastKnownFileType = sourcecode.swift; path = RegisterViewController.swift; sourceTree = "<group>"; };
		AA376B6E2C34145700C371E6 /* MainHomeViewController.swift */ = {isa = PBXFileReference; lastKnownFileType = sourcecode.swift; path = MainHomeViewController.swift; sourceTree = "<group>"; };
		AA376B702C34148600C371E6 /* ToDoListViewController.swift */ = {isa = PBXFileReference; lastKnownFileType = sourcecode.swift; path = ToDoListViewController.swift; sourceTree = "<group>"; };
		AA376B7A2C341B4600C371E6 /* BaseViewController.swift */ = {isa = PBXFileReference; lastKnownFileType = sourcecode.swift; path = BaseViewController.swift; sourceTree = "<group>"; };
		AA376B7E2C342C1900C371E6 /* TodoListTableViewCell.swift */ = {isa = PBXFileReference; lastKnownFileType = sourcecode.swift; path = TodoListTableViewCell.swift; sourceTree = "<group>"; };
		AA376B802C3437E900C371E6 /* TaskManager.swift */ = {isa = PBXFileReference; lastKnownFileType = sourcecode.swift; path = TaskManager.swift; sourceTree = "<group>"; };
		AA376B8A2C3567B700C371E6 /* DeadlineViewController.swift */ = {isa = PBXFileReference; lastKnownFileType = sourcecode.swift; path = DeadlineViewController.swift; sourceTree = "<group>"; };
		AA376B8C2C3567CF00C371E6 /* TagViewController.swift */ = {isa = PBXFileReference; lastKnownFileType = sourcecode.swift; path = TagViewController.swift; sourceTree = "<group>"; };
		AA376B8E2C3567E600C371E6 /* PriorityViewController.swift */ = {isa = PBXFileReference; lastKnownFileType = sourcecode.swift; path = PriorityViewController.swift; sourceTree = "<group>"; };
		AA376B902C3567FE00C371E6 /* ImageAddViewController.swift */ = {isa = PBXFileReference; lastKnownFileType = sourcecode.swift; path = ImageAddViewController.swift; sourceTree = "<group>"; };
		AA376B932C35865C00C371E6 /* MainListCell.swift */ = {isa = PBXFileReference; lastKnownFileType = sourcecode.swift; path = MainListCell.swift; sourceTree = "<group>"; };
		AA376BA12C38E59B00C371E6 /* DetailTodoViewController.swift */ = {isa = PBXFileReference; lastKnownFileType = sourcecode.swift; path = DetailTodoViewController.swift; sourceTree = "<group>"; };
		AA376BA32C39542400C371E6 /* FileManager.swift */ = {isa = PBXFileReference; lastKnownFileType = sourcecode.swift; path = FileManager.swift; sourceTree = "<group>"; };
		AA376BA52C399BCF00C371E6 /* RepositoryPattern.swift */ = {isa = PBXFileReference; lastKnownFileType = sourcecode.swift; path = RepositoryPattern.swift; sourceTree = "<group>"; };
		AA6BD31A2C3D637900107AF6 /* Observable.swift */ = {isa = PBXFileReference; lastKnownFileType = sourcecode.swift; path = Observable.swift; sourceTree = "<group>"; };
		AA6BD31C2C3D669300107AF6 /* ToDoListViewModel.swift */ = {isa = PBXFileReference; lastKnownFileType = sourcecode.swift; path = ToDoListViewModel.swift; sourceTree = "<group>"; };
		AA6BD3352C3ECC2300107AF6 /* RegisterView+EXT.swift */ = {isa = PBXFileReference; lastKnownFileType = sourcecode.swift; path = "RegisterView+EXT.swift"; sourceTree = "<group>"; };
		AAB94B262C3BEC10005E56D2 /* Protocol+.swift */ = {isa = PBXFileReference; lastKnownFileType = sourcecode.swift; path = "Protocol+.swift"; sourceTree = "<group>"; };
/* End PBXFileReference section */

/* Begin PBXFrameworksBuildPhase section */
		AA376B502C3412FD00C371E6 /* Frameworks */ = {
			isa = PBXFrameworksBuildPhase;
			buildActionMask = 2147483647;
			files = (
				AA376B9D2C37B7F400C371E6 /* Toast in Frameworks */,
				AA376B772C3416BF00C371E6 /* RealmSwift in Frameworks */,
				AA376B742C34168B00C371E6 /* SnapKit in Frameworks */,
			);
			runOnlyForDeploymentPostprocessing = 0;
		};
/* End PBXFrameworksBuildPhase section */

/* Begin PBXGroup section */
		AA376B4A2C3412FD00C371E6 = {
			isa = PBXGroup;
			children = (
				AA376B552C3412FD00C371E6 /* Let'sToDo */,
				AA376B542C3412FD00C371E6 /* Products */,
			);
			sourceTree = "<group>";
		};
		AA376B542C3412FD00C371E6 /* Products */ = {
			isa = PBXGroup;
			children = (
				AA376B532C3412FD00C371E6 /* Let'sToDo.app */,
			);
			name = Products;
			sourceTree = "<group>";
		};
		AA376B552C3412FD00C371E6 /* Let'sToDo */ = {
			isa = PBXGroup;
			children = (
				AA376B6A2C3413A700C371E6 /* ToDo */,
				AA376B562C3412FD00C371E6 /* AppDelegate.swift */,
				AA376B582C3412FD00C371E6 /* SceneDelegate.swift */,
				AA376B5A2C3412FD00C371E6 /* ViewController.swift */,
				AA376B5C2C3412FD00C371E6 /* Main.storyboard */,
				AA376B5F2C3412FF00C371E6 /* Assets.xcassets */,
				AA376B612C3412FF00C371E6 /* LaunchScreen.storyboard */,
				AA376B642C3412FF00C371E6 /* Info.plist */,
			);
			path = "Let'sToDo";
			sourceTree = "<group>";
		};
		AA376B6A2C3413A700C371E6 /* ToDo */ = {
			isa = PBXGroup;
			children = (
				AA6BD3192C3D637000107AF6 /* Observable */,
				AA376B6B2C3413B700C371E6 /* Manager */,
				AA376B9F2C38048800C371E6 /* MainHomeViewController */,
				AA376B9E2C38046500C371E6 /* RegisterViewController */,
				AA376BA02C380D3600C371E6 /* ToDoListViewController */,
			);
			path = ToDo;
			sourceTree = "<group>";
		};
		AA376B6B2C3413B700C371E6 /* Manager */ = {
			isa = PBXGroup;
			children = (
				AAB94B262C3BEC10005E56D2 /* Protocol+.swift */,
				AA376B802C3437E900C371E6 /* TaskManager.swift */,
				AA376BA32C39542400C371E6 /* FileManager.swift */,
				AA376BA52C399BCF00C371E6 /* RepositoryPattern.swift */,
				AA376B922C35864D00C371E6 /* Cell */,
				AA376B7A2C341B4600C371E6 /* BaseViewController.swift */,
			);
			path = Manager;
			sourceTree = "<group>";
		};
		AA376B892C3567A600C371E6 /* Group */ = {
			isa = PBXGroup;
			children = (
				AA376B8A2C3567B700C371E6 /* DeadlineViewController.swift */,
				AA376B8C2C3567CF00C371E6 /* TagViewController.swift */,
				AA376B8E2C3567E600C371E6 /* PriorityViewController.swift */,
				AA376B902C3567FE00C371E6 /* ImageAddViewController.swift */,
			);
			path = Group;
			sourceTree = "<group>";
		};
		AA376B922C35864D00C371E6 /* Cell */ = {
			isa = PBXGroup;
			children = (
				AA376B932C35865C00C371E6 /* MainListCell.swift */,
				AA376B7E2C342C1900C371E6 /* TodoListTableViewCell.swift */,
			);
			path = Cell;
			sourceTree = "<group>";
		};
		AA376B9E2C38046500C371E6 /* RegisterViewController */ = {
			isa = PBXGroup;
			children = (
				AA376B6C2C34142700C371E6 /* RegisterViewController.swift */,
				AA6BD3352C3ECC2300107AF6 /* RegisterView+EXT.swift */,
				AA376B892C3567A600C371E6 /* Group */,
			);
			path = RegisterViewController;
			sourceTree = "<group>";
		};
		AA376B9F2C38048800C371E6 /* MainHomeViewController */ = {
			isa = PBXGroup;
			children = (
				AA376B6E2C34145700C371E6 /* MainHomeViewController.swift */,
			);
			path = MainHomeViewController;
			sourceTree = "<group>";
		};
		AA376BA02C380D3600C371E6 /* ToDoListViewController */ = {
			isa = PBXGroup;
			children = (
				AA376B702C34148600C371E6 /* ToDoListViewController.swift */,
				AA376BA12C38E59B00C371E6 /* DetailTodoViewController.swift */,
			);
			path = ToDoListViewController;
			sourceTree = "<group>";
		};
		AA6BD3192C3D637000107AF6 /* Observable */ = {
			isa = PBXGroup;
			children = (
				AA6BD31A2C3D637900107AF6 /* Observable.swift */,
				AA6BD31C2C3D669300107AF6 /* ToDoListViewModel.swift */,
			);
			path = Observable;
			sourceTree = "<group>";
		};
/* End PBXGroup section */

/* Begin PBXNativeTarget section */
		AA376B522C3412FD00C371E6 /* Let'sToDo */ = {
			isa = PBXNativeTarget;
			buildConfigurationList = AA376B672C3412FF00C371E6 /* Build configuration list for PBXNativeTarget "Let'sToDo" */;
			buildPhases = (
				AA376B4F2C3412FD00C371E6 /* Sources */,
				AA376B502C3412FD00C371E6 /* Frameworks */,
				AA376B512C3412FD00C371E6 /* Resources */,
				AA376B792C3416CB00C371E6 /* Embed Frameworks */,
			);
			buildRules = (
			);
			dependencies = (
			);
			name = "Let'sToDo";
			packageProductDependencies = (
				AA376B732C34168B00C371E6 /* SnapKit */,
				AA376B762C3416BF00C371E6 /* RealmSwift */,
				AA376B9C2C37B7F400C371E6 /* Toast */,
			);
			productName = "Let'sToDo";
			productReference = AA376B532C3412FD00C371E6 /* Let'sToDo.app */;
			productType = "com.apple.product-type.application";
		};
/* End PBXNativeTarget section */

/* Begin PBXProject section */
		AA376B4B2C3412FD00C371E6 /* Project object */ = {
			isa = PBXProject;
			attributes = {
				BuildIndependentTargetsInParallel = 1;
				LastSwiftUpdateCheck = 1540;
				LastUpgradeCheck = 1540;
				TargetAttributes = {
					AA376B522C3412FD00C371E6 = {
						CreatedOnToolsVersion = 15.4;
					};
				};
			};
			buildConfigurationList = AA376B4E2C3412FD00C371E6 /* Build configuration list for PBXProject "Let'sToDo" */;
			compatibilityVersion = "Xcode 14.0";
			developmentRegion = en;
			hasScannedForEncodings = 0;
			knownRegions = (
				en,
				Base,
			);
			mainGroup = AA376B4A2C3412FD00C371E6;
			packageReferences = (
				AA376B722C34168B00C371E6 /* XCRemoteSwiftPackageReference "SnapKit" */,
				AA376B752C3416BF00C371E6 /* XCRemoteSwiftPackageReference "realm-swift" */,
				AA376B9B2C37B7F400C371E6 /* XCRemoteSwiftPackageReference "Toast-Swift" */,
			);
			productRefGroup = AA376B542C3412FD00C371E6 /* Products */;
			projectDirPath = "";
			projectRoot = "";
			targets = (
				AA376B522C3412FD00C371E6 /* Let'sToDo */,
			);
		};
/* End PBXProject section */

/* Begin PBXResourcesBuildPhase section */
		AA376B512C3412FD00C371E6 /* Resources */ = {
			isa = PBXResourcesBuildPhase;
			buildActionMask = 2147483647;
			files = (
				AA376B602C3412FF00C371E6 /* Assets.xcassets in Resources */,
				AA376B632C3412FF00C371E6 /* Base in Resources */,
				AA376B5E2C3412FD00C371E6 /* Base in Resources */,
			);
			runOnlyForDeploymentPostprocessing = 0;
		};
/* End PBXResourcesBuildPhase section */

/* Begin PBXSourcesBuildPhase section */
		AA376B4F2C3412FD00C371E6 /* Sources */ = {
			isa = PBXSourcesBuildPhase;
			buildActionMask = 2147483647;
			files = (
				AA6BD31B2C3D637900107AF6 /* Observable.swift in Sources */,
				AA376B912C3567FE00C371E6 /* ImageAddViewController.swift in Sources */,
				AAB94B272C3BEC10005E56D2 /* Protocol+.swift in Sources */,
				AA376B812C3437E900C371E6 /* TaskManager.swift in Sources */,
				AA6BD31D2C3D669300107AF6 /* ToDoListViewModel.swift in Sources */,
				AA376B6D2C34142700C371E6 /* RegisterViewController.swift in Sources */,
				AA376B942C35865C00C371E6 /* MainListCell.swift in Sources */,
				AA376B6F2C34145700C371E6 /* MainHomeViewController.swift in Sources */,
				AA376B5B2C3412FD00C371E6 /* ViewController.swift in Sources */,
				AA376B572C3412FD00C371E6 /* AppDelegate.swift in Sources */,
				AA6BD3362C3ECC2300107AF6 /* RegisterView+EXT.swift in Sources */,
				AA376BA42C39542400C371E6 /* FileManager.swift in Sources */,
				AA376B712C34148600C371E6 /* ToDoListViewController.swift in Sources */,
				AA376BA22C38E59B00C371E6 /* DetailTodoViewController.swift in Sources */,
				AA376B8D2C3567CF00C371E6 /* TagViewController.swift in Sources */,
				AA376B8B2C3567B700C371E6 /* DeadlineViewController.swift in Sources */,
				AA376BA62C399BCF00C371E6 /* RepositoryPattern.swift in Sources */,
				AA376B8F2C3567E600C371E6 /* PriorityViewController.swift in Sources */,
				AA376B7B2C341B4600C371E6 /* BaseViewController.swift in Sources */,
				AA376B592C3412FD00C371E6 /* SceneDelegate.swift in Sources */,
				AA376B7F2C342C1900C371E6 /* TodoListTableViewCell.swift in Sources */,
			);
			runOnlyForDeploymentPostprocessing = 0;
		};
/* End PBXSourcesBuildPhase section */

/* Begin PBXVariantGroup section */
		AA376B5C2C3412FD00C371E6 /* Main.storyboard */ = {
			isa = PBXVariantGroup;
			children = (
				AA376B5D2C3412FD00C371E6 /* Base */,
			);
			name = Main.storyboard;
			sourceTree = "<group>";
		};
		AA376B612C3412FF00C371E6 /* LaunchScreen.storyboard */ = {
			isa = PBXVariantGroup;
			children = (
				AA376B622C3412FF00C371E6 /* Base */,
			);
			name = LaunchScreen.storyboard;
			sourceTree = "<group>";
		};
/* End PBXVariantGroup section */

/* Begin XCBuildConfiguration section */
		AA376B652C3412FF00C371E6 /* Debug */ = {
			isa = XCBuildConfiguration;
			buildSettings = {
				ALWAYS_SEARCH_USER_PATHS = NO;
				ASSETCATALOG_COMPILER_GENERATE_SWIFT_ASSET_SYMBOL_EXTENSIONS = YES;
				CLANG_ANALYZER_NONNULL = YES;
				CLANG_ANALYZER_NUMBER_OBJECT_CONVERSION = YES_AGGRESSIVE;
				CLANG_CXX_LANGUAGE_STANDARD = "gnu++20";
				CLANG_ENABLE_MODULES = YES;
				CLANG_ENABLE_OBJC_ARC = YES;
				CLANG_ENABLE_OBJC_WEAK = YES;
				CLANG_WARN_BLOCK_CAPTURE_AUTORELEASING = YES;
				CLANG_WARN_BOOL_CONVERSION = YES;
				CLANG_WARN_COMMA = YES;
				CLANG_WARN_CONSTANT_CONVERSION = YES;
				CLANG_WARN_DEPRECATED_OBJC_IMPLEMENTATIONS = YES;
				CLANG_WARN_DIRECT_OBJC_ISA_USAGE = YES_ERROR;
				CLANG_WARN_DOCUMENTATION_COMMENTS = YES;
				CLANG_WARN_EMPTY_BODY = YES;
				CLANG_WARN_ENUM_CONVERSION = YES;
				CLANG_WARN_INFINITE_RECURSION = YES;
				CLANG_WARN_INT_CONVERSION = YES;
				CLANG_WARN_NON_LITERAL_NULL_CONVERSION = YES;
				CLANG_WARN_OBJC_IMPLICIT_RETAIN_SELF = YES;
				CLANG_WARN_OBJC_LITERAL_CONVERSION = YES;
				CLANG_WARN_OBJC_ROOT_CLASS = YES_ERROR;
				CLANG_WARN_QUOTED_INCLUDE_IN_FRAMEWORK_HEADER = YES;
				CLANG_WARN_RANGE_LOOP_ANALYSIS = YES;
				CLANG_WARN_STRICT_PROTOTYPES = YES;
				CLANG_WARN_SUSPICIOUS_MOVE = YES;
				CLANG_WARN_UNGUARDED_AVAILABILITY = YES_AGGRESSIVE;
				CLANG_WARN_UNREACHABLE_CODE = YES;
				CLANG_WARN__DUPLICATE_METHOD_MATCH = YES;
				COPY_PHASE_STRIP = NO;
				DEBUG_INFORMATION_FORMAT = dwarf;
				ENABLE_STRICT_OBJC_MSGSEND = YES;
				ENABLE_TESTABILITY = YES;
				ENABLE_USER_SCRIPT_SANDBOXING = YES;
				GCC_C_LANGUAGE_STANDARD = gnu17;
				GCC_DYNAMIC_NO_PIC = NO;
				GCC_NO_COMMON_BLOCKS = YES;
				GCC_OPTIMIZATION_LEVEL = 0;
				GCC_PREPROCESSOR_DEFINITIONS = (
					"DEBUG=1",
					"$(inherited)",
				);
				GCC_WARN_64_TO_32_BIT_CONVERSION = YES;
				GCC_WARN_ABOUT_RETURN_TYPE = YES_ERROR;
				GCC_WARN_UNDECLARED_SELECTOR = YES;
				GCC_WARN_UNINITIALIZED_AUTOS = YES_AGGRESSIVE;
				GCC_WARN_UNUSED_FUNCTION = YES;
				GCC_WARN_UNUSED_VARIABLE = YES;
				IPHONEOS_DEPLOYMENT_TARGET = 17.5;
				LOCALIZATION_PREFERS_STRING_CATALOGS = YES;
				MTL_ENABLE_DEBUG_INFO = INCLUDE_SOURCE;
				MTL_FAST_MATH = YES;
				ONLY_ACTIVE_ARCH = YES;
				SDKROOT = iphoneos;
				SWIFT_ACTIVE_COMPILATION_CONDITIONS = "DEBUG $(inherited)";
				SWIFT_OPTIMIZATION_LEVEL = "-Onone";
			};
			name = Debug;
		};
		AA376B662C3412FF00C371E6 /* Release */ = {
			isa = XCBuildConfiguration;
			buildSettings = {
				ALWAYS_SEARCH_USER_PATHS = NO;
				ASSETCATALOG_COMPILER_GENERATE_SWIFT_ASSET_SYMBOL_EXTENSIONS = YES;
				CLANG_ANALYZER_NONNULL = YES;
				CLANG_ANALYZER_NUMBER_OBJECT_CONVERSION = YES_AGGRESSIVE;
				CLANG_CXX_LANGUAGE_STANDARD = "gnu++20";
				CLANG_ENABLE_MODULES = YES;
				CLANG_ENABLE_OBJC_ARC = YES;
				CLANG_ENABLE_OBJC_WEAK = YES;
				CLANG_WARN_BLOCK_CAPTURE_AUTORELEASING = YES;
				CLANG_WARN_BOOL_CONVERSION = YES;
				CLANG_WARN_COMMA = YES;
				CLANG_WARN_CONSTANT_CONVERSION = YES;
				CLANG_WARN_DEPRECATED_OBJC_IMPLEMENTATIONS = YES;
				CLANG_WARN_DIRECT_OBJC_ISA_USAGE = YES_ERROR;
				CLANG_WARN_DOCUMENTATION_COMMENTS = YES;
				CLANG_WARN_EMPTY_BODY = YES;
				CLANG_WARN_ENUM_CONVERSION = YES;
				CLANG_WARN_INFINITE_RECURSION = YES;
				CLANG_WARN_INT_CONVERSION = YES;
				CLANG_WARN_NON_LITERAL_NULL_CONVERSION = YES;
				CLANG_WARN_OBJC_IMPLICIT_RETAIN_SELF = YES;
				CLANG_WARN_OBJC_LITERAL_CONVERSION = YES;
				CLANG_WARN_OBJC_ROOT_CLASS = YES_ERROR;
				CLANG_WARN_QUOTED_INCLUDE_IN_FRAMEWORK_HEADER = YES;
				CLANG_WARN_RANGE_LOOP_ANALYSIS = YES;
				CLANG_WARN_STRICT_PROTOTYPES = YES;
				CLANG_WARN_SUSPICIOUS_MOVE = YES;
				CLANG_WARN_UNGUARDED_AVAILABILITY = YES_AGGRESSIVE;
				CLANG_WARN_UNREACHABLE_CODE = YES;
				CLANG_WARN__DUPLICATE_METHOD_MATCH = YES;
				COPY_PHASE_STRIP = NO;
				DEBUG_INFORMATION_FORMAT = "dwarf-with-dsym";
				ENABLE_NS_ASSERTIONS = NO;
				ENABLE_STRICT_OBJC_MSGSEND = YES;
				ENABLE_USER_SCRIPT_SANDBOXING = YES;
				GCC_C_LANGUAGE_STANDARD = gnu17;
				GCC_NO_COMMON_BLOCKS = YES;
				GCC_WARN_64_TO_32_BIT_CONVERSION = YES;
				GCC_WARN_ABOUT_RETURN_TYPE = YES_ERROR;
				GCC_WARN_UNDECLARED_SELECTOR = YES;
				GCC_WARN_UNINITIALIZED_AUTOS = YES_AGGRESSIVE;
				GCC_WARN_UNUSED_FUNCTION = YES;
				GCC_WARN_UNUSED_VARIABLE = YES;
				IPHONEOS_DEPLOYMENT_TARGET = 17.5;
				LOCALIZATION_PREFERS_STRING_CATALOGS = YES;
				MTL_ENABLE_DEBUG_INFO = NO;
				MTL_FAST_MATH = YES;
				SDKROOT = iphoneos;
				SWIFT_COMPILATION_MODE = wholemodule;
				VALIDATE_PRODUCT = YES;
			};
			name = Release;
		};
		AA376B682C3412FF00C371E6 /* Debug */ = {
			isa = XCBuildConfiguration;
			buildSettings = {
				ASSETCATALOG_COMPILER_APPICON_NAME = AppIcon;
				ASSETCATALOG_COMPILER_GLOBAL_ACCENT_COLOR_NAME = AccentColor;
				CODE_SIGN_STYLE = Automatic;
				CURRENT_PROJECT_VERSION = 1;
				DEVELOPMENT_TEAM = 4KLMMMFY4D;
				GENERATE_INFOPLIST_FILE = YES;
				INFOPLIST_FILE = "Let'sToDo/Info.plist";
				INFOPLIST_KEY_UIApplicationSupportsIndirectInputEvents = YES;
				INFOPLIST_KEY_UILaunchStoryboardName = LaunchScreen;
				INFOPLIST_KEY_UIMainStoryboardFile = Main;
				INFOPLIST_KEY_UISupportedInterfaceOrientations_iPad = "UIInterfaceOrientationPortrait UIInterfaceOrientationPortraitUpsideDown UIInterfaceOrientationLandscapeLeft UIInterfaceOrientationLandscapeRight";
				INFOPLIST_KEY_UISupportedInterfaceOrientations_iPhone = "UIInterfaceOrientationPortrait UIInterfaceOrientationLandscapeLeft UIInterfaceOrientationLandscapeRight";
				LD_RUNPATH_SEARCH_PATHS = (
					"$(inherited)",
					"@executable_path/Frameworks",
				);
				MARKETING_VERSION = 1.0;
				PRODUCT_BUNDLE_IDENTIFIER = "com.acasia.Let-sToDo";
				PRODUCT_NAME = "$(TARGET_NAME)";
				SUPPORTED_PLATFORMS = "iphoneos iphonesimulator";
				SUPPORTS_MACCATALYST = NO;
				SUPPORTS_MAC_DESIGNED_FOR_IPHONE_IPAD = NO;
				SUPPORTS_XR_DESIGNED_FOR_IPHONE_IPAD = NO;
				SWIFT_EMIT_LOC_STRINGS = YES;
				SWIFT_VERSION = 5.0;
				TARGETED_DEVICE_FAMILY = 1;
			};
			name = Debug;
		};
		AA376B692C3412FF00C371E6 /* Release */ = {
			isa = XCBuildConfiguration;
			buildSettings = {
				ASSETCATALOG_COMPILER_APPICON_NAME = AppIcon;
				ASSETCATALOG_COMPILER_GLOBAL_ACCENT_COLOR_NAME = AccentColor;
				CODE_SIGN_STYLE = Automatic;
				CURRENT_PROJECT_VERSION = 1;
				DEVELOPMENT_TEAM = 4KLMMMFY4D;
				GENERATE_INFOPLIST_FILE = YES;
				INFOPLIST_FILE = "Let'sToDo/Info.plist";
				INFOPLIST_KEY_UIApplicationSupportsIndirectInputEvents = YES;
				INFOPLIST_KEY_UILaunchStoryboardName = LaunchScreen;
				INFOPLIST_KEY_UIMainStoryboardFile = Main;
				INFOPLIST_KEY_UISupportedInterfaceOrientations_iPad = "UIInterfaceOrientationPortrait UIInterfaceOrientationPortraitUpsideDown UIInterfaceOrientationLandscapeLeft UIInterfaceOrientationLandscapeRight";
				INFOPLIST_KEY_UISupportedInterfaceOrientations_iPhone = "UIInterfaceOrientationPortrait UIInterfaceOrientationLandscapeLeft UIInterfaceOrientationLandscapeRight";
				LD_RUNPATH_SEARCH_PATHS = (
					"$(inherited)",
					"@executable_path/Frameworks",
				);
				MARKETING_VERSION = 1.0;
				PRODUCT_BUNDLE_IDENTIFIER = "com.acasia.Let-sToDo";
				PRODUCT_NAME = "$(TARGET_NAME)";
				SUPPORTED_PLATFORMS = "iphoneos iphonesimulator";
				SUPPORTS_MACCATALYST = NO;
				SUPPORTS_MAC_DESIGNED_FOR_IPHONE_IPAD = NO;
				SUPPORTS_XR_DESIGNED_FOR_IPHONE_IPAD = NO;
				SWIFT_EMIT_LOC_STRINGS = YES;
				SWIFT_VERSION = 5.0;
				TARGETED_DEVICE_FAMILY = 1;
			};
			name = Release;
		};
/* End XCBuildConfiguration section */

/* Begin XCConfigurationList section */
		AA376B4E2C3412FD00C371E6 /* Build configuration list for PBXProject "Let'sToDo" */ = {
			isa = XCConfigurationList;
			buildConfigurations = (
				AA376B652C3412FF00C371E6 /* Debug */,
				AA376B662C3412FF00C371E6 /* Release */,
			);
			defaultConfigurationIsVisible = 0;
			defaultConfigurationName = Release;
		};
		AA376B672C3412FF00C371E6 /* Build configuration list for PBXNativeTarget "Let'sToDo" */ = {
			isa = XCConfigurationList;
			buildConfigurations = (
				AA376B682C3412FF00C371E6 /* Debug */,
				AA376B692C3412FF00C371E6 /* Release */,
			);
			defaultConfigurationIsVisible = 0;
			defaultConfigurationName = Release;
		};
/* End XCConfigurationList section */

/* Begin XCRemoteSwiftPackageReference section */
		AA376B722C34168B00C371E6 /* XCRemoteSwiftPackageReference "SnapKit" */ = {
			isa = XCRemoteSwiftPackageReference;
			repositoryURL = "https://github.com/SnapKit/SnapKit.git";
			requirement = {
				kind = upToNextMajorVersion;
				minimumVersion = 5.7.1;
			};
		};
		AA376B752C3416BF00C371E6 /* XCRemoteSwiftPackageReference "realm-swift" */ = {
			isa = XCRemoteSwiftPackageReference;
			repositoryURL = "https://github.com/realm/realm-swift.git";
			requirement = {
				kind = exactVersion;
				version = 10.52.1;
			};
		};
		AA376B9B2C37B7F400C371E6 /* XCRemoteSwiftPackageReference "Toast-Swift" */ = {
			isa = XCRemoteSwiftPackageReference;
			repositoryURL = "https://github.com/scalessec/Toast-Swift.git";
			requirement = {
				kind = upToNextMajorVersion;
				minimumVersion = 5.1.1;
			};
		};
/* End XCRemoteSwiftPackageReference section */

/* Begin XCSwiftPackageProductDependency section */
		AA376B732C34168B00C371E6 /* SnapKit */ = {
			isa = XCSwiftPackageProductDependency;
			package = AA376B722C34168B00C371E6 /* XCRemoteSwiftPackageReference "SnapKit" */;
			productName = SnapKit;
		};
		AA376B762C3416BF00C371E6 /* RealmSwift */ = {
			isa = XCSwiftPackageProductDependency;
			package = AA376B752C3416BF00C371E6 /* XCRemoteSwiftPackageReference "realm-swift" */;
			productName = RealmSwift;
		};
		AA376B9C2C37B7F400C371E6 /* Toast */ = {
			isa = XCSwiftPackageProductDependency;
			package = AA376B9B2C37B7F400C371E6 /* XCRemoteSwiftPackageReference "Toast-Swift" */;
			productName = Toast;
		};
/* End XCSwiftPackageProductDependency section */
	};
	rootObject = AA376B4B2C3412FD00C371E6 /* Project object */;
}
